
Microsoft Visual Studio Solution File, Format Version 12.00
# Visual Studio Version 16
VisualStudioVersion = 16.0.30225.117
MinimumVisualStudioVersion = 10.0.40219.1
Project("{FAE04EC0-301F-11D3-BF4B-00C04F79EFBC}") = "test_cons", "test_cons.csproj", "{A654CCCE-37AD-4BE7-A095-E2C0E71641E1}"
EndProject
Global
	GlobalSection(SolutionConfigurationPlatforms) = preSolution
		Debug|Any CPU = Debug|Any CPU
		Release|Any CPU = Release|Any CPU
	EndGlobalSection
	GlobalSection(ProjectConfigurationPlatforms) = postSolution
		{A654CCCE-37AD-4BE7-A095-E2C0E71641E1}.Debug|Any CPU.ActiveCfg = Debug|Any CPU
		{A654CCCE-37AD-4BE7-A095-E2C0E71641E1}.Debug|Any CPU.Build.0 = Debug|Any CPU
		{A654CCCE-37AD-4BE7-A095-E2C0E71641E1}.Release|Any CPU.ActiveCfg = Release|Any CPU
		{A654CCCE-37AD-4BE7-A095-E2C0E71641E1}.Release|Any CPU.Build.0 = Release|Any CPU
	EndGlobalSection
	GlobalSection(SolutionProperties) = preSolution
		HideSolutionNode = FALSE
	EndGlobalSection
	GlobalSection(ExtensibilityGlobals) = postSolution
		SolutionGuid = {79AEB8DD-43C3-4CDD-97F0-3E97B7A65A9A}
	EndGlobalSection
EndGlobal
